
Microsoft Visual Studio Solution File, Format Version 12.00
# Visual Studio Version 17
Project("{2150E333-8FDC-42A3-9474-1A3956D46DE8}") = "CMake", "CMake", "{560440FA-8219-3B4C-BFB6-362B46CC4DE4}"
EndProject
Project("{2150E333-8FDC-42A3-9474-1A3956D46DE8}") = "SFML", "SFML", "{C6D7E58B-CF42-332D-8097-9DBF2BD7C73A}"
EndProject
Project("{8BC9CEB8-8B4A-11D0-8D11-00A0C91BC942}") = "ALL_BUILD", "ALL_BUILD.vcxproj", "{7C2BF5A1-8F81-3431-A63E-12DFD741B55D}"
	ProjectSection(ProjectDependencies) = postProject
		{84F7FA87-6F0B-3033-8E17-75601A1A9E38} = {84F7FA87-6F0B-3033-8E17-75601A1A9E38}
		{7293283A-2427-33CC-BD05-5FBF1F84D224} = {7293283A-2427-33CC-BD05-5FBF1F84D224}
	EndProjectSection
EndProject
Project("{8BC9CEB8-8B4A-11D0-8D11-00A0C91BC942}") = "INSTALL", "INSTALL.vcxproj", "{EB9E5226-1AF4-39ED-A240-F080EAA1377F}"
	ProjectSection(ProjectDependencies) = postProject
		{7C2BF5A1-8F81-3431-A63E-12DFD741B55D} = {7C2BF5A1-8F81-3431-A63E-12DFD741B55D}
		{84F7FA87-6F0B-3033-8E17-75601A1A9E38} = {84F7FA87-6F0B-3033-8E17-75601A1A9E38}
	EndProjectSection
EndProject
Project("{8BC9CEB8-8B4A-11D0-8D11-00A0C91BC942}") = "PACKAGE", "PACKAGE.vcxproj", "{8635D4B3-5D14-39C2-954F-769BA8F9B80C}"
	ProjectSection(ProjectDependencies) = postProject
		{7C2BF5A1-8F81-3431-A63E-12DFD741B55D} = {7C2BF5A1-8F81-3431-A63E-12DFD741B55D}
		{84F7FA87-6F0B-3033-8E17-75601A1A9E38} = {84F7FA87-6F0B-3033-8E17-75601A1A9E38}
	EndProjectSection
EndProject
Project("{8BC9CEB8-8B4A-11D0-8D11-00A0C91BC942}") = "ZERO_CHECK", "ZERO_CHECK.vcxproj", "{84F7FA87-6F0B-3033-8E17-75601A1A9E38}"
	ProjectSection(ProjectDependencies) = postProject
	EndProjectSection
EndProject
Project("{8BC9CEB8-8B4A-11D0-8D11-00A0C91BC942}") = "main", "main.vcxproj", "{7293283A-2427-33CC-BD05-5FBF1F84D224}"
	ProjectSection(ProjectDependencies) = postProject
		{84F7FA87-6F0B-3033-8E17-75601A1A9E38} = {84F7FA87-6F0B-3033-8E17-75601A1A9E38}
		{B68B2DD9-34ED-3BE3-82CF-B907360CBC6B} = {B68B2DD9-34ED-3BE3-82CF-B907360CBC6B}
		{256E2570-388A-38F4-90A1-C5C33C35793E} = {256E2570-388A-38F4-90A1-C5C33C35793E}
		{05BD4BEE-B39C-3727-A842-F5C14707AB78} = {05BD4BEE-B39C-3727-A842-F5C14707AB78}
	EndProjectSection
EndProject
Project("{8BC9CEB8-8B4A-11D0-8D11-00A0C91BC942}") = "sfml-graphics", "_deps\sfml-build\src\SFML\Graphics\sfml-graphics.vcxproj", "{B68B2DD9-34ED-3BE3-82CF-B907360CBC6B}"
	ProjectSection(ProjectDependencies) = postProject
		{84F7FA87-6F0B-3033-8E17-75601A1A9E38} = {84F7FA87-6F0B-3033-8E17-75601A1A9E38}
		{256E2570-388A-38F4-90A1-C5C33C35793E} = {256E2570-388A-38F4-90A1-C5C33C35793E}
		{05BD4BEE-B39C-3727-A842-F5C14707AB78} = {05BD4BEE-B39C-3727-A842-F5C14707AB78}
	EndProjectSection
EndProject
Project("{8BC9CEB8-8B4A-11D0-8D11-00A0C91BC942}") = "sfml-system", "_deps\sfml-build\src\SFML\System\sfml-system.vcxproj", "{256E2570-388A-38F4-90A1-C5C33C35793E}"
	ProjectSection(ProjectDependencies) = postProject
		{84F7FA87-6F0B-3033-8E17-75601A1A9E38} = {84F7FA87-6F0B-3033-8E17-75601A1A9E38}
	EndProjectSection
EndProject
Project("{8BC9CEB8-8B4A-11D0-8D11-00A0C91BC942}") = "sfml-window", "_deps\sfml-build\src\SFML\Window\sfml-window.vcxproj", "{05BD4BEE-B39C-3727-A842-F5C14707AB78}"
	ProjectSection(ProjectDependencies) = postProject
		{84F7FA87-6F0B-3033-8E17-75601A1A9E38} = {84F7FA87-6F0B-3033-8E17-75601A1A9E38}
		{256E2570-388A-38F4-90A1-C5C33C35793E} = {256E2570-388A-38F4-90A1-C5C33C35793E}
	EndProjectSection
EndProject
Global
	GlobalSection(SolutionConfigurationPlatforms) = preSolution
		Debug|x64 = Debug|x64
		Release|x64 = Release|x64
		MinSizeRel|x64 = MinSizeRel|x64
		RelWithDebInfo|x64 = RelWithDebInfo|x64
	EndGlobalSection
	GlobalSection(ProjectConfigurationPlatforms) = postSolution
		{7C2BF5A1-8F81-3431-A63E-12DFD741B55D}.Debug|x64.ActiveCfg = Debug|x64
		{7C2BF5A1-8F81-3431-A63E-12DFD741B55D}.Debug|x64.Build.0 = Debug|x64
		{7C2BF5A1-8F81-3431-A63E-12DFD741B55D}.Release|x64.ActiveCfg = Release|x64
		{7C2BF5A1-8F81-3431-A63E-12DFD741B55D}.Release|x64.Build.0 = Release|x64
		{7C2BF5A1-8F81-3431-A63E-12DFD741B55D}.MinSizeRel|x64.ActiveCfg = MinSizeRel|x64
		{7C2BF5A1-8F81-3431-A63E-12DFD741B55D}.MinSizeRel|x64.Build.0 = MinSizeRel|x64
		{7C2BF5A1-8F81-3431-A63E-12DFD741B55D}.RelWithDebInfo|x64.ActiveCfg = RelWithDebInfo|x64
		{7C2BF5A1-8F81-3431-A63E-12DFD741B55D}.RelWithDebInfo|x64.Build.0 = RelWithDebInfo|x64
		{EB9E5226-1AF4-39ED-A240-F080EAA1377F}.Debug|x64.ActiveCfg = Debug|x64
		{EB9E5226-1AF4-39ED-A240-F080EAA1377F}.Release|x64.ActiveCfg = Release|x64
		{EB9E5226-1AF4-39ED-A240-F080EAA1377F}.MinSizeRel|x64.ActiveCfg = MinSizeRel|x64
		{EB9E5226-1AF4-39ED-A240-F080EAA1377F}.RelWithDebInfo|x64.ActiveCfg = RelWithDebInfo|x64
		{8635D4B3-5D14-39C2-954F-769BA8F9B80C}.Debug|x64.ActiveCfg = Debug|x64
		{8635D4B3-5D14-39C2-954F-769BA8F9B80C}.Release|x64.ActiveCfg = Release|x64
		{8635D4B3-5D14-39C2-954F-769BA8F9B80C}.MinSizeRel|x64.ActiveCfg = MinSizeRel|x64
		{8635D4B3-5D14-39C2-954F-769BA8F9B80C}.RelWithDebInfo|x64.ActiveCfg = RelWithDebInfo|x64
		{84F7FA87-6F0B-3033-8E17-75601A1A9E38}.Debug|x64.ActiveCfg = Debug|x64
		{84F7FA87-6F0B-3033-8E17-75601A1A9E38}.Debug|x64.Build.0 = Debug|x64
		{84F7FA87-6F0B-3033-8E17-75601A1A9E38}.Release|x64.ActiveCfg = Release|x64
		{84F7FA87-6F0B-3033-8E17-75601A1A9E38}.Release|x64.Build.0 = Release|x64
		{84F7FA87-6F0B-3033-8E17-75601A1A9E38}.MinSizeRel|x64.ActiveCfg = MinSizeRel|x64
		{84F7FA87-6F0B-3033-8E17-75601A1A9E38}.MinSizeRel|x64.Build.0 = MinSizeRel|x64
		{84F7FA87-6F0B-3033-8E17-75601A1A9E38}.RelWithDebInfo|x64.ActiveCfg = RelWithDebInfo|x64
		{84F7FA87-6F0B-3033-8E17-75601A1A9E38}.RelWithDebInfo|x64.Build.0 = RelWithDebInfo|x64
		{7293283A-2427-33CC-BD05-5FBF1F84D224}.Debug|x64.ActiveCfg = Debug|x64
		{7293283A-2427-33CC-BD05-5FBF1F84D224}.Debug|x64.Build.0 = Debug|x64
		{7293283A-2427-33CC-BD05-5FBF1F84D224}.Release|x64.ActiveCfg = Release|x64
		{7293283A-2427-33CC-BD05-5FBF1F84D224}.Release|x64.Build.0 = Release|x64
		{7293283A-2427-33CC-BD05-5FBF1F84D224}.MinSizeRel|x64.ActiveCfg = MinSizeRel|x64
		{7293283A-2427-33CC-BD05-5FBF1F84D224}.MinSizeRel|x64.Build.0 = MinSizeRel|x64
		{7293283A-2427-33CC-BD05-5FBF1F84D224}.RelWithDebInfo|x64.ActiveCfg = RelWithDebInfo|x64
		{7293283A-2427-33CC-BD05-5FBF1F84D224}.RelWithDebInfo|x64.Build.0 = RelWithDebInfo|x64
		{B68B2DD9-34ED-3BE3-82CF-B907360CBC6B}.Debug|x64.ActiveCfg = Debug|x64
		{B68B2DD9-34ED-3BE3-82CF-B907360CBC6B}.Debug|x64.Build.0 = Debug|x64
		{B68B2DD9-34ED-3BE3-82CF-B907360CBC6B}.Release|x64.ActiveCfg = Release|x64
		{B68B2DD9-34ED-3BE3-82CF-B907360CBC6B}.Release|x64.Build.0 = Release|x64
		{B68B2DD9-34ED-3BE3-82CF-B907360CBC6B}.MinSizeRel|x64.ActiveCfg = MinSizeRel|x64
		{B68B2DD9-34ED-3BE3-82CF-B907360CBC6B}.MinSizeRel|x64.Build.0 = MinSizeRel|x64
		{B68B2DD9-34ED-3BE3-82CF-B907360CBC6B}.RelWithDebInfo|x64.ActiveCfg = RelWithDebInfo|x64
		{B68B2DD9-34ED-3BE3-82CF-B907360CBC6B}.RelWithDebInfo|x64.Build.0 = RelWithDebInfo|x64
		{256E2570-388A-38F4-90A1-C5C33C35793E}.Debug|x64.ActiveCfg = Debug|x64
		{256E2570-388A-38F4-90A1-C5C33C35793E}.Debug|x64.Build.0 = Debug|x64
		{256E2570-388A-38F4-90A1-C5C33C35793E}.Release|x64.ActiveCfg = Release|x64
		{256E2570-388A-38F4-90A1-C5C33C35793E}.Release|x64.Build.0 = Release|x64
		{256E2570-388A-38F4-90A1-C5C33C35793E}.MinSizeRel|x64.ActiveCfg = MinSizeRel|x64
		{256E2570-388A-38F4-90A1-C5C33C35793E}.MinSizeRel|x64.Build.0 = MinSizeRel|x64
		{256E2570-388A-38F4-90A1-C5C33C35793E}.RelWithDebInfo|x64.ActiveCfg = RelWithDebInfo|x64
		{256E2570-388A-38F4-90A1-C5C33C35793E}.RelWithDebInfo|x64.Build.0 = RelWithDebInfo|x64
		{05BD4BEE-B39C-3727-A842-F5C14707AB78}.Debug|x64.ActiveCfg = Debug|x64
		{05BD4BEE-B39C-3727-A842-F5C14707AB78}.Debug|x64.Build.0 = Debug|x64
		{05BD4BEE-B39C-3727-A842-F5C14707AB78}.Release|x64.ActiveCfg = Release|x64
		{05BD4BEE-B39C-3727-A842-F5C14707AB78}.Release|x64.Build.0 = Release|x64
		{05BD4BEE-B39C-3727-A842-F5C14707AB78}.MinSizeRel|x64.ActiveCfg = MinSizeRel|x64
		{05BD4BEE-B39C-3727-A842-F5C14707AB78}.MinSizeRel|x64.Build.0 = MinSizeRel|x64
		{05BD4BEE-B39C-3727-A842-F5C14707AB78}.RelWithDebInfo|x64.ActiveCfg = RelWithDebInfo|x64
		{05BD4BEE-B39C-3727-A842-F5C14707AB78}.RelWithDebInfo|x64.Build.0 = RelWithDebInfo|x64
	EndGlobalSection
	GlobalSection(NestedProjects) = preSolution
		{7C2BF5A1-8F81-3431-A63E-12DFD741B55D} = {560440FA-8219-3B4C-BFB6-362B46CC4DE4}
		{EB9E5226-1AF4-39ED-A240-F080EAA1377F} = {560440FA-8219-3B4C-BFB6-362B46CC4DE4}
		{8635D4B3-5D14-39C2-954F-769BA8F9B80C} = {560440FA-8219-3B4C-BFB6-362B46CC4DE4}
		{84F7FA87-6F0B-3033-8E17-75601A1A9E38} = {560440FA-8219-3B4C-BFB6-362B46CC4DE4}
		{B68B2DD9-34ED-3BE3-82CF-B907360CBC6B} = {C6D7E58B-CF42-332D-8097-9DBF2BD7C73A}
		{256E2570-388A-38F4-90A1-C5C33C35793E} = {C6D7E58B-CF42-332D-8097-9DBF2BD7C73A}
		{05BD4BEE-B39C-3727-A842-F5C14707AB78} = {C6D7E58B-CF42-332D-8097-9DBF2BD7C73A}
	EndGlobalSection
	GlobalSection(ExtensibilityGlobals) = postSolution
		SolutionGuid = {B030E0B2-A538-378B-96F8-359DC0821E5E}
	EndGlobalSection
	GlobalSection(ExtensibilityAddIns) = postSolution
	EndGlobalSection
EndGlobal
